
Microsoft Visual Studio Solution File, Format Version 12.00
# Visual Studio Version 17
VisualStudioVersion = 17.11.35222.181
MinimumVisualStudioVersion = 10.0.40219.1
Project("{FAE04EC0-301F-11D3-BF4B-00C04F79EFBC}") = "Examen02", "Examen02.csproj", "{64729482-7E0F-4E15-BB0D-DEADC9F83E40}"
EndProject
Global
	GlobalSection(SolutionConfigurationPlatforms) = preSolution
		Debug|Any CPU = Debug|Any CPU
		Release|Any CPU = Release|Any CPU
	EndGlobalSection
	GlobalSection(ProjectConfigurationPlatforms) = postSolution
		{64729482-7E0F-4E15-BB0D-DEADC9F83E40}.Debug|Any CPU.ActiveCfg = Debug|Any CPU
		{64729482-7E0F-4E15-BB0D-DEADC9F83E40}.Debug|Any CPU.Build.0 = Debug|Any CPU
		{64729482-7E0F-4E15-BB0D-DEADC9F83E40}.Release|Any CPU.ActiveCfg = Release|Any CPU
		{64729482-7E0F-4E15-BB0D-DEADC9F83E40}.Release|Any CPU.Build.0 = Release|Any CPU
	EndGlobalSection
	GlobalSection(SolutionProperties) = preSolution
		HideSolutionNode = FALSE
	EndGlobalSection
	GlobalSection(ExtensibilityGlobals) = postSolution
		SolutionGuid = {E45F9EDE-F8A4-4653-A6E2-24E102BB6628}
	EndGlobalSection
EndGlobal
